
Microsoft Visual Studio Solution File, Format Version 12.00
# Visual Studio Version 17
VisualStudioVersion = 17.5.002.0
MinimumVisualStudioVersion = 10.0.40219.1
Project("{9A19103F-16F7-4668-BE54-9A1E7A4F7556}") = "address-book", "address-book.csproj", "{07CE6E3B-3795-48B7-858E-649882F6EBE6}"
EndProject
Global
	GlobalSection(SolutionConfigurationPlatforms) = preSolution
		Debug|Any CPU = Debug|Any CPU
		Release|Any CPU = Release|Any CPU
	EndGlobalSection
	GlobalSection(ProjectConfigurationPlatforms) = postSolution
		{07CE6E3B-3795-48B7-858E-649882F6EBE6}.Debug|Any CPU.ActiveCfg = Debug|Any CPU
		{07CE6E3B-3795-48B7-858E-649882F6EBE6}.Debug|Any CPU.Build.0 = Debug|Any CPU
		{07CE6E3B-3795-48B7-858E-649882F6EBE6}.Release|Any CPU.ActiveCfg = Release|Any CPU
		{07CE6E3B-3795-48B7-858E-649882F6EBE6}.Release|Any CPU.Build.0 = Release|Any CPU
	EndGlobalSection
	GlobalSection(SolutionProperties) = preSolution
		HideSolutionNode = FALSE
	EndGlobalSection
	GlobalSection(ExtensibilityGlobals) = postSolution
		SolutionGuid = {12390D40-7161-4FE5-885A-0E705D3BB9C5}
	EndGlobalSection
EndGlobal
