
Microsoft Visual Studio Solution File, Format Version 12.00
# Visual Studio Version 17
VisualStudioVersion = 17.10.34928.147
MinimumVisualStudioVersion = 10.0.40219.1
Project("{FAE04EC0-301F-11D3-BF4B-00C04F79EFBC}") = "twice-radio", "twice-radio.csproj", "{08C4D485-B0F7-493E-AC06-A647D1F548C9}"
EndProject
Global
	GlobalSection(SolutionConfigurationPlatforms) = preSolution
		Debug|Any CPU = Debug|Any CPU
		Release|Any CPU = Release|Any CPU
	EndGlobalSection
	GlobalSection(ProjectConfigurationPlatforms) = postSolution
		{08C4D485-B0F7-493E-AC06-A647D1F548C9}.Debug|Any CPU.ActiveCfg = Debug|Any CPU
		{08C4D485-B0F7-493E-AC06-A647D1F548C9}.Debug|Any CPU.Build.0 = Debug|Any CPU
		{08C4D485-B0F7-493E-AC06-A647D1F548C9}.Release|Any CPU.ActiveCfg = Release|Any CPU
		{08C4D485-B0F7-493E-AC06-A647D1F548C9}.Release|Any CPU.Build.0 = Release|Any CPU
	EndGlobalSection
	GlobalSection(SolutionProperties) = preSolution
		HideSolutionNode = FALSE
	EndGlobalSection
	GlobalSection(ExtensibilityGlobals) = postSolution
		SolutionGuid = {D13CE276-62EE-4FA9-8A28-6A34583EF784}
	EndGlobalSection
EndGlobal
